// !$*UTF8*$!
{
	archiveVersion = 1;
	classes = {
	};
	objectVersion = 50;
	objects = {

/* Begin PBXBuildFile section */
		0F7AA70A23DF825700B2876D /* AppDelegate.swift in Sources */ = {isa = PBXBuildFile; fileRef = 0F7AA70923DF825700B2876D /* AppDelegate.swift */; };
		0F7AA70C23DF825700B2876D /* SceneDelegate.swift in Sources */ = {isa = PBXBuildFile; fileRef = 0F7AA70B23DF825700B2876D /* SceneDelegate.swift */; };
		0F7AA70E23DF825700B2876D /* ViewController.swift in Sources */ = {isa = PBXBuildFile; fileRef = 0F7AA70D23DF825700B2876D /* ViewController.swift */; };
		0F7AA71123DF825700B2876D /* Main.storyboard in Resources */ = {isa = PBXBuildFile; fileRef = 0F7AA70F23DF825700B2876D /* Main.storyboard */; };
		0F7AA71323DF825A00B2876D /* Assets.xcassets in Resources */ = {isa = PBXBuildFile; fileRef = 0F7AA71223DF825A00B2876D /* Assets.xcassets */; };
		0F7AA71623DF825A00B2876D /* LaunchScreen.storyboard in Resources */ = {isa = PBXBuildFile; fileRef = 0F7AA71423DF825A00B2876D /* LaunchScreen.storyboard */; };
/* End PBXBuildFile section */

/* Begin PBXFileReference section */
		0F7AA70623DF825700B2876D /* RappiCard.app */ = {isa = PBXFileReference; explicitFileType = wrapper.application; includeInIndex = 0; path = RappiCard.app; sourceTree = BUILT_PRODUCTS_DIR; };
		0F7AA70923DF825700B2876D /* AppDelegate.swift */ = {isa = PBXFileReference; lastKnownFileType = sourcecode.swift; path = AppDelegate.swift; sourceTree = "<group>"; };
		0F7AA70B23DF825700B2876D /* SceneDelegate.swift */ = {isa = PBXFileReference; lastKnownFileType = sourcecode.swift; path = SceneDelegate.swift; sourceTree = "<group>"; };
		0F7AA70D23DF825700B2876D /* ViewController.swift */ = {isa = PBXFileReference; lastKnownFileType = sourcecode.swift; path = ViewController.swift; sourceTree = "<group>"; };
		0F7AA71023DF825700B2876D /* Base */ = {isa = PBXFileReference; lastKnownFileType = file.storyboard; name = Base; path = Base.lproj/Main.storyboard; sourceTree = "<group>"; };
		0F7AA71223DF825A00B2876D /* Assets.xcassets */ = {isa = PBXFileReference; lastKnownFileType = folder.assetcatalog; path = Assets.xcassets; sourceTree = "<group>"; };
		0F7AA71523DF825A00B2876D /* Base */ = {isa = PBXFileReference; lastKnownFileType = file.storyboard; name = Base; path = Base.lproj/LaunchScreen.storyboard; sourceTree = "<group>"; };
		0F7AA71723DF825A00B2876D /* Info.plist */ = {isa = PBXFileReference; lastKnownFileType = text.plist.xml; path = Info.plist; sourceTree = "<group>"; };
/* End PBXFileReference section */

/* Begin PBXFrameworksBuildPhase section */
		0F7AA70323DF825700B2876D /* Frameworks */ = {
			isa = PBXFrameworksBuildPhase;
			buildActionMask = 2147483647;
			files = (
			);
			runOnlyForDeploymentPostprocessing = 0;
		};
/* End PBXFrameworksBuildPhase section */

/* Begin PBXGroup section */
		0F7AA6FD23DF825700B2876D = {
			isa = PBXGroup;
			children = (
				0F7AA70823DF825700B2876D /* RappiCard */,
				0F7AA70723DF825700B2876D /* Products */,
			);
			sourceTree = "<group>";
		};
		0F7AA70723DF825700B2876D /* Products */ = {
			isa = PBXGroup;
			children = (
				0F7AA70623DF825700B2876D /* RappiCard.app */,
			);
			name = Products;
			sourceTree = "<group>";
		};
		0F7AA70823DF825700B2876D /* RappiCard */ = {
			isa = PBXGroup;
			children = (
				0F7AA70923DF825700B2876D /* AppDelegate.swift */,
				0F7AA70B23DF825700B2876D /* SceneDelegate.swift */,
				0F7AA70D23DF825700B2876D /* ViewController.swift */,
				0F7AA70F23DF825700B2876D /* Main.storyboard */,
				0F7AA71223DF825A00B2876D /* Assets.xcassets */,
				0F7AA71423DF825A00B2876D /* LaunchScreen.storyboard */,
				0F7AA71723DF825A00B2876D /* Info.plist */,
			);
			path = RappiCard;
			sourceTree = "<group>";
		};
/* End PBXGroup section */

/* Begin PBXNativeTarget section */
		0F7AA70523DF825700B2876D /* RappiCard */ = {
			isa = PBXNativeTarget;
			buildConfigurationList = 0F7AA71A23DF825A00B2876D /* Build configuration list for PBXNativeTarget "RappiCard" */;
			buildPhases = (
				0F7AA70223DF825700B2876D /* Sources */,
				0F7AA70323DF825700B2876D /* Frameworks */,
				0F7AA70423DF825700B2876D /* Resources */,
			);
			buildRules = (
			);
			dependencies = (
			);
			name = RappiCard;
			productName = RappiCard;
			productReference = 0F7AA70623DF825700B2876D /* RappiCard.app */;
			productType = "com.apple.product-type.application";
		};
/* End PBXNativeTarget section */

/* Begin PBXProject section */
		0F7AA6FE23DF825700B2876D /* Project object */ = {
			isa = PBXProject;
			attributes = {
				LastSwiftUpdateCheck = 1110;
				LastUpgradeCheck = 1110;
				ORGANIZATIONNAME = "Nicolas Battelli";
				TargetAttributes = {
					0F7AA70523DF825700B2876D = {
						CreatedOnToolsVersion = 11.1;
					};
				};
			};
			buildConfigurationList = 0F7AA70123DF825700B2876D /* Build configuration list for PBXProject "RappiCard" */;
			compatibilityVersion = "Xcode 9.3";
			developmentRegion = en;
			hasScannedForEncodings = 0;
			knownRegions = (
				en,
				Base,
			);
			mainGroup = 0F7AA6FD23DF825700B2876D;
			productRefGroup = 0F7AA70723DF825700B2876D /* Products */;
			projectDirPath = "";
			projectRoot = "";
			targets = (
				0F7AA70523DF825700B2876D /* RappiCard */,
			);
		};
/* End PBXProject section */

/* Begin PBXResourcesBuildPhase section */
		0F7AA70423DF825700B2876D /* Resources */ = {
			isa = PBXResourcesBuildPhase;
			buildActionMask = 2147483647;
			files = (
				0F7AA71623DF825A00B2876D /* LaunchScreen.storyboard in Resources */,
				0F7AA71323DF825A00B2876D /* Assets.xcassets in Resources */,
				0F7AA71123DF825700B2876D /* Main.storyboard in Resources */,
			);
			runOnlyForDeploymentPostprocessing = 0;
		};
/* End PBXResourcesBuildPhase section */

/* Begin PBXSourcesBuildPhase section */
		0F7AA70223DF825700B2876D /* Sources */ = {
			isa = PBXSourcesBuildPhase;
			buildActionMask = 2147483647;
			files = (
				0F7AA70E23DF825700B2876D /* ViewController.swift in Sources */,
				0F7AA70A23DF825700B2876D /* AppDelegate.swift in Sources */,
				0F7AA70C23DF825700B2876D /* SceneDelegate.swift in Sources */,
			);
			runOnlyForDeploymentPostprocessing = 0;
		};
/* End PBXSourcesBuildPhase section */

/* Begin PBXVariantGroup section */
		0F7AA70F23DF825700B2876D /* Main.storyboard */ = {
			isa = PBXVariantGroup;
			children = (
				0F7AA71023DF825700B2876D /* Base */,
			);
			name = Main.storyboard;
			sourceTree = "<group>";
		};
		0F7AA71423DF825A00B2876D /* LaunchScreen.storyboard */ = {
			isa = PBXVariantGroup;
			children = (
				0F7AA71523DF825A00B2876D /* Base */,
			);
			name = LaunchScreen.storyboard;
			sourceTree = "<group>";
		};
/* End PBXVariantGroup section */

/* Begin XCBuildConfiguration section */
		0F7AA71823DF825A00B2876D /* Debug */ = {
			isa = XCBuildConfiguration;
			buildSettings = {
				ALWAYS_SEARCH_USER_PATHS = NO;
				CLANG_ANALYZER_NONNULL = YES;
				CLANG_ANALYZER_NUMBER_OBJECT_CONVERSION = YES_AGGRESSIVE;
				CLANG_CXX_LANGUAGE_STANDARD = "gnu++14";
				CLANG_CXX_LIBRARY = "libc++";
				CLANG_ENABLE_MODULES = YES;
				CLANG_ENABLE_OBJC_ARC = YES;
				CLANG_ENABLE_OBJC_WEAK = YES;
				CLANG_WARN_BLOCK_CAPTURE_AUTORELEASING = YES;
				CLANG_WARN_BOOL_CONVERSION = YES;
				CLANG_WARN_COMMA = YES;
				CLANG_WARN_CONSTANT_CONVERSION = YES;
				CLANG_WARN_DEPRECATED_OBJC_IMPLEMENTATIONS = YES;
				CLANG_WARN_DIRECT_OBJC_ISA_USAGE = YES_ERROR;
				CLANG_WARN_DOCUMENTATION_COMMENTS = YES;
				CLANG_WARN_EMPTY_BODY = YES;
				CLANG_WARN_ENUM_CONVERSION = YES;
				CLANG_WARN_INFINITE_RECURSION = YES;
				CLANG_WARN_INT_CONVERSION = YES;
				CLANG_WARN_NON_LITERAL_NULL_CONVERSION = YES;
				CLANG_WARN_OBJC_IMPLICIT_RETAIN_SELF = YES;
				CLANG_WARN_OBJC_LITERAL_CONVERSION = YES;
				CLANG_WARN_OBJC_ROOT_CLASS = YES_ERROR;
				CLANG_WARN_RANGE_LOOP_ANALYSIS = YES;
				CLANG_WARN_STRICT_PROTOTYPES = YES;
				CLANG_WARN_SUSPICIOUS_MOVE = YES;
				CLANG_WARN_UNGUARDED_AVAILABILITY = YES_AGGRESSIVE;
				CLANG_WARN_UNREACHABLE_CODE = YES;
				CLANG_WARN__DUPLICATE_METHOD_MATCH = YES;
				COPY_PHASE_STRIP = NO;
				DEBUG_INFORMATION_FORMAT = dwarf;
				ENABLE_STRICT_OBJC_MSGSEND = YES;
				ENABLE_TESTABILITY = YES;
				GCC_C_LANGUAGE_STANDARD = gnu11;
				GCC_DYNAMIC_NO_PIC = NO;
				GCC_NO_COMMON_BLOCKS = YES;
				GCC_OPTIMIZATION_LEVEL = 0;
				GCC_PREPROCESSOR_DEFINITIONS = (
					"DEBUG=1",
					"$(inherited)",
				);
				GCC_WARN_64_TO_32_BIT_CONVERSION = YES;
				GCC_WARN_ABOUT_RETURN_TYPE = YES_ERROR;
				GCC_WARN_UNDECLARED_SELECTOR = YES;
				GCC_WARN_UNINITIALIZED_AUTOS = YES_AGGRESSIVE;
				GCC_WARN_UNUSED_FUNCTION = YES;
				GCC_WARN_UNUSED_VARIABLE = YES;
				IPHONEOS_DEPLOYMENT_TARGET = 13.1;
				MTL_ENABLE_DEBUG_INFO = INCLUDE_SOURCE;
				MTL_FAST_MATH = YES;
				ONLY_ACTIVE_ARCH = YES;
				SDKROOT = iphoneos;
				SWIFT_ACTIVE_COMPILATION_CONDITIONS = DEBUG;
				SWIFT_OPTIMIZATION_LEVEL = "-Onone";
			};
			name = Debug;
		};
		0F7AA71923DF825A00B2876D /* Release */ = {
			isa = XCBuildConfiguration;
			buildSettings = {
				ALWAYS_SEARCH_USER_PATHS = NO;
				CLANG_ANALYZER_NONNULL = YES;
				CLANG_ANALYZER_NUMBER_OBJECT_CONVERSION = YES_AGGRESSIVE;
				CLANG_CXX_LANGUAGE_STANDARD = "gnu++14";
				CLANG_CXX_LIBRARY = "libc++";
				CLANG_ENABLE_MODULES = YES;
				CLANG_ENABLE_OBJC_ARC = YES;
				CLANG_ENABLE_OBJC_WEAK = YES;
				CLANG_WARN_BLOCK_CAPTURE_AUTORELEASING = YES;
				CLANG_WARN_BOOL_CONVERSION = YES;
				CLANG_WARN_COMMA = YES;
				CLANG_WARN_CONSTANT_CONVERSION = YES;
				CLANG_WARN_DEPRECATED_OBJC_IMPLEMENTATIONS = YES;
				CLANG_WARN_DIRECT_OBJC_ISA_USAGE = YES_ERROR;
				CLANG_WARN_DOCUMENTATION_COMMENTS = YES;
				CLANG_WARN_EMPTY_BODY = YES;
				CLANG_WARN_ENUM_CONVERSION = YES;
				CLANG_WARN_INFINITE_RECURSION = YES;
				CLANG_WARN_INT_CONVERSION = YES;
				CLANG_WARN_NON_LITERAL_NULL_CONVERSION = YES;
				CLANG_WARN_OBJC_IMPLICIT_RETAIN_SELF = YES;
				CLANG_WARN_OBJC_LITERAL_CONVERSION = YES;
				CLANG_WARN_OBJC_ROOT_CLASS = YES_ERROR;
				CLANG_WARN_RANGE_LOOP_ANALYSIS = YES;
				CLANG_WARN_STRICT_PROTOTYPES = YES;
				CLANG_WARN_SUSPICIOUS_MOVE = YES;
				CLANG_WARN_UNGUARDED_AVAILABILITY = YES_AGGRESSIVE;
				CLANG_WARN_UNREACHABLE_CODE = YES;
				CLANG_WARN__DUPLICATE_METHOD_MATCH = YES;
				COPY_PHASE_STRIP = NO;
				DEBUG_INFORMATION_FORMAT = "dwarf-with-dsym";
				ENABLE_NS_ASSERTIONS = NO;
				ENABLE_STRICT_OBJC_MSGSEND = YES;
				GCC_C_LANGUAGE_STANDARD = gnu11;
				GCC_NO_COMMON_BLOCKS = YES;
				GCC_WARN_64_TO_32_BIT_CONVERSION = YES;
				GCC_WARN_ABOUT_RETURN_TYPE = YES_ERROR;
				GCC_WARN_UNDECLARED_SELECTOR = YES;
				GCC_WARN_UNINITIALIZED_AUTOS = YES_AGGRESSIVE;
				GCC_WARN_UNUSED_FUNCTION = YES;
				GCC_WARN_UNUSED_VARIABLE = YES;
				IPHONEOS_DEPLOYMENT_TARGET = 13.1;
				MTL_ENABLE_DEBUG_INFO = NO;
				MTL_FAST_MATH = YES;
				SDKROOT = iphoneos;
				SWIFT_COMPILATION_MODE = wholemodule;
				SWIFT_OPTIMIZATION_LEVEL = "-O";
				VALIDATE_PRODUCT = YES;
			};
			name = Release;
		};
		0F7AA71B23DF825A00B2876D /* Debug */ = {
			isa = XCBuildConfiguration;
			buildSettings = {
				ASSETCATALOG_COMPILER_APPICON_NAME = AppIcon;
				CODE_SIGN_STYLE = Automatic;
				DEVELOPMENT_TEAM = 76L7292LW4;
				INFOPLIST_FILE = RappiCard/Info.plist;
				LD_RUNPATH_SEARCH_PATHS = (
					"$(inherited)",
					"@executable_path/Frameworks",
				);
				PRODUCT_BUNDLE_IDENTIFIER = com.nbattelli.RappiCard;
				PRODUCT_NAME = "$(TARGET_NAME)";
				SWIFT_VERSION = 5.0;
				TARGETED_DEVICE_FAMILY = "1,2";
			};
			name = Debug;
		};
		0F7AA71C23DF825A00B2876D /* Release */ = {
			isa = XCBuildConfiguration;
			buildSettings = {
				ASSETCATALOG_COMPILER_APPICON_NAME = AppIcon;
				CODE_SIGN_STYLE = Automatic;
				DEVELOPMENT_TEAM = 76L7292LW4;
				INFOPLIST_FILE = RappiCard/Info.plist;
				LD_RUNPATH_SEARCH_PATHS = (
					"$(inherited)",
					"@executable_path/Frameworks",
				);
				PRODUCT_BUNDLE_IDENTIFIER = com.nbattelli.RappiCard;
				PRODUCT_NAME = "$(TARGET_NAME)";
				SWIFT_VERSION = 5.0;
				TARGETED_DEVICE_FAMILY = "1,2";
			};
			name = Release;
		};
/* End XCBuildConfiguration section */

/* Begin XCConfigurationList section */
		0F7AA70123DF825700B2876D /* Build configuration list for PBXProject "RappiCard" */ = {
			isa = XCConfigurationList;
			buildConfigurations = (
				0F7AA71823DF825A00B2876D /* Debug */,
				0F7AA71923DF825A00B2876D /* Release */,
			);
			defaultConfigurationIsVisible = 0;
			defaultConfigurationName = Release;
		};
		0F7AA71A23DF825A00B2876D /* Build configuration list for PBXNativeTarget "RappiCard" */ = {
			isa = XCConfigurationList;
			buildConfigurations = (
				0F7AA71B23DF825A00B2876D /* Debug */,
				0F7AA71C23DF825A00B2876D /* Release */,
			);
			defaultConfigurationIsVisible = 0;
			defaultConfigurationName = Release;
		};
/* End XCConfigurationList section */
	};
	rootObject = 0F7AA6FE23DF825700B2876D /* Project object */;
}
